
Microsoft Visual Studio Solution File, Format Version 12.00
# Visual Studio Version 16
VisualStudioVersion = 16.0.29230.47
MinimumVisualStudioVersion = 10.0.40219.1
Project("{8BC9CEB8-8B4A-11D0-8D11-00A0C91BC942}") = "MathFuncsLib", "MathFuncsLib\MathFuncsLib.vcxproj", "{E7E5862E-5405-4DD7-9E15-400E0C931AD7}"
EndProject
Project("{8BC9CEB8-8B4A-11D0-8D11-00A0C91BC942}") = "MyExecRefsLib", "MyExecRefsLib\MyExecRefsLib.vcxproj", "{0F8C75BC-1547-49B4-9188-708D3F9A130C}"
EndProject
Global
	GlobalSection(SolutionConfigurationPlatforms) = preSolution
		Debug|x64 = Debug|x64
		Debug|x86 = Debug|x86
		Release|x64 = Release|x64
		Release|x86 = Release|x86
	EndGlobalSection
	GlobalSection(ProjectConfigurationPlatforms) = postSolution
		{E7E5862E-5405-4DD7-9E15-400E0C931AD7}.Debug|x64.ActiveCfg = Debug|x64
		{E7E5862E-5405-4DD7-9E15-400E0C931AD7}.Debug|x64.Build.0 = Debug|x64
		{E7E5862E-5405-4DD7-9E15-400E0C931AD7}.Debug|x86.ActiveCfg = Debug|Win32
		{E7E5862E-5405-4DD7-9E15-400E0C931AD7}.Debug|x86.Build.0 = Debug|Win32
		{E7E5862E-5405-4DD7-9E15-400E0C931AD7}.Release|x64.ActiveCfg = Release|x64
		{E7E5862E-5405-4DD7-9E15-400E0C931AD7}.Release|x64.Build.0 = Release|x64
		{E7E5862E-5405-4DD7-9E15-400E0C931AD7}.Release|x86.ActiveCfg = Release|Win32
		{E7E5862E-5405-4DD7-9E15-400E0C931AD7}.Release|x86.Build.0 = Release|Win32
		{0F8C75BC-1547-49B4-9188-708D3F9A130C}.Debug|x64.ActiveCfg = Debug|x64
		{0F8C75BC-1547-49B4-9188-708D3F9A130C}.Debug|x64.Build.0 = Debug|x64
		{0F8C75BC-1547-49B4-9188-708D3F9A130C}.Debug|x86.ActiveCfg = Debug|Win32
		{0F8C75BC-1547-49B4-9188-708D3F9A130C}.Debug|x86.Build.0 = Debug|Win32
		{0F8C75BC-1547-49B4-9188-708D3F9A130C}.Release|x64.ActiveCfg = Release|x64
		{0F8C75BC-1547-49B4-9188-708D3F9A130C}.Release|x64.Build.0 = Release|x64
		{0F8C75BC-1547-49B4-9188-708D3F9A130C}.Release|x86.ActiveCfg = Release|Win32
		{0F8C75BC-1547-49B4-9188-708D3F9A130C}.Release|x86.Build.0 = Release|Win32
	EndGlobalSection
	GlobalSection(SolutionProperties) = preSolution
		HideSolutionNode = FALSE
	EndGlobalSection
	GlobalSection(ExtensibilityGlobals) = postSolution
		SolutionGuid = {D0AA5A57-C5EF-4A59-83FE-BE20B79D722D}
	EndGlobalSection
EndGlobal
